
Microsoft Visual Studio Solution File, Format Version 12.00
# Visual Studio Version 16
VisualStudioVersion = 16.0.29324.140
MinimumVisualStudioVersion = 10.0.40219.1
Project("{FAE04EC0-301F-11D3-BF4B-00C04F79EFBC}") = "TrippingExercise", "TrippingExercise.csproj", "{E7BF3E19-EEEB-42DA-B7F1-F3FC027CCAC2}"
EndProject
Global
	GlobalSection(SolutionConfigurationPlatforms) = preSolution
		Debug|Any CPU = Debug|Any CPU
		Release|Any CPU = Release|Any CPU
	EndGlobalSection
	GlobalSection(ProjectConfigurationPlatforms) = postSolution
		{E7BF3E19-EEEB-42DA-B7F1-F3FC027CCAC2}.Debug|Any CPU.ActiveCfg = Debug|Any CPU
		{E7BF3E19-EEEB-42DA-B7F1-F3FC027CCAC2}.Debug|Any CPU.Build.0 = Debug|Any CPU
		{E7BF3E19-EEEB-42DA-B7F1-F3FC027CCAC2}.Release|Any CPU.ActiveCfg = Release|Any CPU
		{E7BF3E19-EEEB-42DA-B7F1-F3FC027CCAC2}.Release|Any CPU.Build.0 = Release|Any CPU
	EndGlobalSection
	GlobalSection(SolutionProperties) = preSolution
		HideSolutionNode = FALSE
	EndGlobalSection
	GlobalSection(ExtensibilityGlobals) = postSolution
		SolutionGuid = {7111CD5C-5C62-4EBC-A183-0A8983608317}
	EndGlobalSection
EndGlobal
